
Microsoft Visual Studio Solution File, Format Version 12.00
# Visual Studio Version 17
VisualStudioVersion = 17.9.34728.123
MinimumVisualStudioVersion = 10.0.40219.1
Project("{9A19103F-16F7-4668-BE54-9A1E7A4F7556}") = "Domain", "Domain\Domain.csproj", "{DC58F6AB-3BFE-4FFC-B185-4D08A6F00C5B}"
EndProject
Project("{9A19103F-16F7-4668-BE54-9A1E7A4F7556}") = "Infrastructure", "Infrastructure\Infrastructure.csproj", "{DA29C0F7-5D8A-4F9A-A81C-0E8FBDED5B1D}"
EndProject
Project("{9A19103F-16F7-4668-BE54-9A1E7A4F7556}") = "API", "API\API.csproj", "{C44D2E55-385C-497E-89BF-C21A0571CFF7}"
	ProjectSection(ProjectDependencies) = postProject
		{DA29C0F7-5D8A-4F9A-A81C-0E8FBDED5B1D} = {DA29C0F7-5D8A-4F9A-A81C-0E8FBDED5B1D}
	EndProjectSection
EndProject
Project("{9A19103F-16F7-4668-BE54-9A1E7A4F7556}") = "Application", "Application\Application.csproj", "{63648247-6DD2-412E-AA6F-D14D28F454CF}"
EndProject
Project("{2150E333-8FDC-42A3-9474-1A3956D46DE8}") = "Core", "Core", "{1881E567-D70C-4EF0-A40C-428604A44681}"
EndProject
Project("{2150E333-8FDC-42A3-9474-1A3956D46DE8}") = "APIPresentation", "APIPresentation", "{54C72AD7-BF95-4392-A2EF-A2A4D4A58285}"
EndProject
Project("{2150E333-8FDC-42A3-9474-1A3956D46DE8}") = "IInfrasracture", "IInfrasracture", "{CAB3C20E-62BD-4AFB-9CA5-957C5D49AB19}"
EndProject
Global
	GlobalSection(SolutionConfigurationPlatforms) = preSolution
		Debug|Any CPU = Debug|Any CPU
		Release|Any CPU = Release|Any CPU
	EndGlobalSection
	GlobalSection(ProjectConfigurationPlatforms) = postSolution
		{DC58F6AB-3BFE-4FFC-B185-4D08A6F00C5B}.Debug|Any CPU.ActiveCfg = Debug|Any CPU
		{DC58F6AB-3BFE-4FFC-B185-4D08A6F00C5B}.Debug|Any CPU.Build.0 = Debug|Any CPU
		{DC58F6AB-3BFE-4FFC-B185-4D08A6F00C5B}.Release|Any CPU.ActiveCfg = Release|Any CPU
		{DC58F6AB-3BFE-4FFC-B185-4D08A6F00C5B}.Release|Any CPU.Build.0 = Release|Any CPU
		{DA29C0F7-5D8A-4F9A-A81C-0E8FBDED5B1D}.Debug|Any CPU.ActiveCfg = Debug|Any CPU
		{DA29C0F7-5D8A-4F9A-A81C-0E8FBDED5B1D}.Debug|Any CPU.Build.0 = Debug|Any CPU
		{DA29C0F7-5D8A-4F9A-A81C-0E8FBDED5B1D}.Release|Any CPU.ActiveCfg = Release|Any CPU
		{DA29C0F7-5D8A-4F9A-A81C-0E8FBDED5B1D}.Release|Any CPU.Build.0 = Release|Any CPU
		{C44D2E55-385C-497E-89BF-C21A0571CFF7}.Debug|Any CPU.ActiveCfg = Debug|Any CPU
		{C44D2E55-385C-497E-89BF-C21A0571CFF7}.Debug|Any CPU.Build.0 = Debug|Any CPU
		{C44D2E55-385C-497E-89BF-C21A0571CFF7}.Release|Any CPU.ActiveCfg = Release|Any CPU
		{C44D2E55-385C-497E-89BF-C21A0571CFF7}.Release|Any CPU.Build.0 = Release|Any CPU
		{63648247-6DD2-412E-AA6F-D14D28F454CF}.Debug|Any CPU.ActiveCfg = Debug|Any CPU
		{63648247-6DD2-412E-AA6F-D14D28F454CF}.Debug|Any CPU.Build.0 = Debug|Any CPU
		{63648247-6DD2-412E-AA6F-D14D28F454CF}.Release|Any CPU.ActiveCfg = Release|Any CPU
		{63648247-6DD2-412E-AA6F-D14D28F454CF}.Release|Any CPU.Build.0 = Release|Any CPU
	EndGlobalSection
	GlobalSection(SolutionProperties) = preSolution
		HideSolutionNode = FALSE
	EndGlobalSection
	GlobalSection(NestedProjects) = preSolution
		{DC58F6AB-3BFE-4FFC-B185-4D08A6F00C5B} = {1881E567-D70C-4EF0-A40C-428604A44681}
		{DA29C0F7-5D8A-4F9A-A81C-0E8FBDED5B1D} = {CAB3C20E-62BD-4AFB-9CA5-957C5D49AB19}
		{C44D2E55-385C-497E-89BF-C21A0571CFF7} = {54C72AD7-BF95-4392-A2EF-A2A4D4A58285}
		{63648247-6DD2-412E-AA6F-D14D28F454CF} = {1881E567-D70C-4EF0-A40C-428604A44681}
	EndGlobalSection
	GlobalSection(ExtensibilityGlobals) = postSolution
		SolutionGuid = {4313208A-2E0C-4B9C-9D8C-F072A008934E}
	EndGlobalSection
EndGlobal
